// !$*UTF8*$!
{
	archiveVersion = 1;
	classes = {
	};
	objectVersion = 52;
	objects = {

/* Begin PBXBuildFile section */
		C085EF1723CD29340026172A /* SwiftUIRefresh.h in Headers */ = {isa = PBXBuildFile; fileRef = C085EF1523CD29340026172A /* SwiftUIRefresh.h */; settings = {ATTRIBUTES = (Public, ); }; };
		C085EF1E23CD29C50026172A /* PullToRefresh.swift in Sources */ = {isa = PBXBuildFile; fileRef = C085EF1D23CD29C50026172A /* PullToRefresh.swift */; };
		C085EF2623CD2A910026172A /* AppDelegate.swift in Sources */ = {isa = PBXBuildFile; fileRef = C085EF2523CD2A910026172A /* AppDelegate.swift */; };
		C085EF2823CD2A910026172A /* SceneDelegate.swift in Sources */ = {isa = PBXBuildFile; fileRef = C085EF2723CD2A910026172A /* SceneDelegate.swift */; };
		C085EF2A23CD2A910026172A /* ContentView.swift in Sources */ = {isa = PBXBuildFile; fileRef = C085EF2923CD2A910026172A /* ContentView.swift */; };
		C085EF2C23CD2A940026172A /* Assets.xcassets in Resources */ = {isa = PBXBuildFile; fileRef = C085EF2B23CD2A940026172A /* Assets.xcassets */; };
		C085EF2F23CD2A940026172A /* Preview Assets.xcassets in Resources */ = {isa = PBXBuildFile; fileRef = C085EF2E23CD2A940026172A /* Preview Assets.xcassets */; };
		C085EF3223CD2A940026172A /* LaunchScreen.storyboard in Resources */ = {isa = PBXBuildFile; fileRef = C085EF3023CD2A940026172A /* LaunchScreen.storyboard */; };
		C085EF3823CD2D310026172A /* SwiftUIRefresh.framework in Frameworks */ = {isa = PBXBuildFile; fileRef = C085EF1223CD29340026172A /* SwiftUIRefresh.framework */; };
		C085EF3B23CD3FF30026172A /* Introspect in Frameworks */ = {isa = PBXBuildFile; productRef = C085EF3A23CD3FF30026172A /* Introspect */; };
/* End PBXBuildFile section */

/* Begin PBXFileReference section */
		C085EF1223CD29340026172A /* SwiftUIRefresh.framework */ = {isa = PBXFileReference; explicitFileType = wrapper.framework; includeInIndex = 0; path = SwiftUIRefresh.framework; sourceTree = BUILT_PRODUCTS_DIR; };
		C085EF1523CD29340026172A /* SwiftUIRefresh.h */ = {isa = PBXFileReference; lastKnownFileType = sourcecode.c.h; path = SwiftUIRefresh.h; sourceTree = "<group>"; };
		C085EF1623CD29340026172A /* Info.plist */ = {isa = PBXFileReference; lastKnownFileType = text.plist.xml; path = Info.plist; sourceTree = "<group>"; };
		C085EF1D23CD29C50026172A /* PullToRefresh.swift */ = {isa = PBXFileReference; fileEncoding = 4; lastKnownFileType = sourcecode.swift; path = PullToRefresh.swift; sourceTree = "<group>"; };
		C085EF2323CD2A910026172A /* Examples.app */ = {isa = PBXFileReference; explicitFileType = wrapper.application; includeInIndex = 0; path = Examples.app; sourceTree = BUILT_PRODUCTS_DIR; };
		C085EF2523CD2A910026172A /* AppDelegate.swift */ = {isa = PBXFileReference; lastKnownFileType = sourcecode.swift; path = AppDelegate.swift; sourceTree = "<group>"; };
		C085EF2723CD2A910026172A /* SceneDelegate.swift */ = {isa = PBXFileReference; lastKnownFileType = sourcecode.swift; path = SceneDelegate.swift; sourceTree = "<group>"; };
		C085EF2923CD2A910026172A /* ContentView.swift */ = {isa = PBXFileReference; lastKnownFileType = sourcecode.swift; path = ContentView.swift; sourceTree = "<group>"; };
		C085EF2B23CD2A940026172A /* Assets.xcassets */ = {isa = PBXFileReference; lastKnownFileType = folder.assetcatalog; path = Assets.xcassets; sourceTree = "<group>"; };
		C085EF2E23CD2A940026172A /* Preview Assets.xcassets */ = {isa = PBXFileReference; lastKnownFileType = folder.assetcatalog; path = "Preview Assets.xcassets"; sourceTree = "<group>"; };
		C085EF3123CD2A940026172A /* Base */ = {isa = PBXFileReference; lastKnownFileType = file.storyboard; name = Base; path = Base.lproj/LaunchScreen.storyboard; sourceTree = "<group>"; };
		C085EF3323CD2A940026172A /* Info.plist */ = {isa = PBXFileReference; lastKnownFileType = text.plist.xml; path = Info.plist; sourceTree = "<group>"; };
/* End PBXFileReference section */

/* Begin PBXFrameworksBuildPhase section */
		C085EF0F23CD29340026172A /* Frameworks */ = {
			isa = PBXFrameworksBuildPhase;
			buildActionMask = 2147483647;
			files = (
				C085EF3B23CD3FF30026172A /* Introspect in Frameworks */,
			);
			runOnlyForDeploymentPostprocessing = 0;
		};
		C085EF2023CD2A910026172A /* Frameworks */ = {
			isa = PBXFrameworksBuildPhase;
			buildActionMask = 2147483647;
			files = (
				C085EF3823CD2D310026172A /* SwiftUIRefresh.framework in Frameworks */,
			);
			runOnlyForDeploymentPostprocessing = 0;
		};
/* End PBXFrameworksBuildPhase section */

/* Begin PBXGroup section */
		C085EF0823CD29340026172A = {
			isa = PBXGroup;
			children = (
				C085EF1423CD29340026172A /* Sources */,
				C085EF2423CD2A910026172A /* Examples */,
				C085EF1323CD29340026172A /* Products */,
				C085EF3723CD2D310026172A /* Frameworks */,
			);
			sourceTree = "<group>";
		};
		C085EF1323CD29340026172A /* Products */ = {
			isa = PBXGroup;
			children = (
				C085EF1223CD29340026172A /* SwiftUIRefresh.framework */,
				C085EF2323CD2A910026172A /* Examples.app */,
			);
			name = Products;
			sourceTree = "<group>";
		};
		C085EF1423CD29340026172A /* Sources */ = {
			isa = PBXGroup;
			children = (
				C085EF1D23CD29C50026172A /* PullToRefresh.swift */,
				C085EF1523CD29340026172A /* SwiftUIRefresh.h */,
				C085EF1623CD29340026172A /* Info.plist */,
			);
			path = Sources;
			sourceTree = "<group>";
		};
		C085EF2423CD2A910026172A /* Examples */ = {
			isa = PBXGroup;
			children = (
				C085EF2523CD2A910026172A /* AppDelegate.swift */,
				C085EF2723CD2A910026172A /* SceneDelegate.swift */,
				C085EF2923CD2A910026172A /* ContentView.swift */,
				C085EF2B23CD2A940026172A /* Assets.xcassets */,
				C085EF3023CD2A940026172A /* LaunchScreen.storyboard */,
				C085EF3323CD2A940026172A /* Info.plist */,
				C085EF2D23CD2A940026172A /* Preview Content */,
			);
			path = Examples;
			sourceTree = "<group>";
		};
		C085EF2D23CD2A940026172A /* Preview Content */ = {
			isa = PBXGroup;
			children = (
				C085EF2E23CD2A940026172A /* Preview Assets.xcassets */,
			);
			path = "Preview Content";
			sourceTree = "<group>";
		};
		C085EF3723CD2D310026172A /* Frameworks */ = {
			isa = PBXGroup;
			children = (
			);
			name = Frameworks;
			sourceTree = "<group>";
		};
/* End PBXGroup section */

/* Begin PBXHeadersBuildPhase section */
		C085EF0D23CD29340026172A /* Headers */ = {
			isa = PBXHeadersBuildPhase;
			buildActionMask = 2147483647;
			files = (
				C085EF1723CD29340026172A /* SwiftUIRefresh.h in Headers */,
			);
			runOnlyForDeploymentPostprocessing = 0;
		};
/* End PBXHeadersBuildPhase section */

/* Begin PBXNativeTarget section */
		C085EF1123CD29340026172A /* SwiftUIRefresh */ = {
			isa = PBXNativeTarget;
			buildConfigurationList = C085EF1A23CD29340026172A /* Build configuration list for PBXNativeTarget "SwiftUIRefresh" */;
			buildPhases = (
				C085EF0D23CD29340026172A /* Headers */,
				C085EF0E23CD29340026172A /* Sources */,
				C085EF0F23CD29340026172A /* Frameworks */,
				C085EF1023CD29340026172A /* Resources */,
			);
			buildRules = (
			);
			dependencies = (
			);
			name = SwiftUIRefresh;
			packageProductDependencies = (
				C085EF3A23CD3FF30026172A /* Introspect */,
			);
			productName = SwiftUIRefresh;
			productReference = C085EF1223CD29340026172A /* SwiftUIRefresh.framework */;
			productType = "com.apple.product-type.framework";
		};
		C085EF2223CD2A910026172A /* Examples */ = {
			isa = PBXNativeTarget;
			buildConfigurationList = C085EF3423CD2A940026172A /* Build configuration list for PBXNativeTarget "Examples" */;
			buildPhases = (
				C085EF1F23CD2A910026172A /* Sources */,
				C085EF2023CD2A910026172A /* Frameworks */,
				C085EF2123CD2A910026172A /* Resources */,
			);
			buildRules = (
			);
			dependencies = (
			);
			name = Examples;
			productName = Examples;
			productReference = C085EF2323CD2A910026172A /* Examples.app */;
			productType = "com.apple.product-type.application";
		};
/* End PBXNativeTarget section */

/* Begin PBXProject section */
		C085EF0923CD29340026172A /* Project object */ = {
			isa = PBXProject;
			attributes = {
				LastSwiftUpdateCheck = 1130;
				LastUpgradeCheck = 1130;
				ORGANIZATIONNAME = Siteline;
				TargetAttributes = {
					C085EF1123CD29340026172A = {
						CreatedOnToolsVersion = 11.3;
						LastSwiftMigration = 1130;
					};
					C085EF2223CD2A910026172A = {
						CreatedOnToolsVersion = 11.3;
					};
				};
			};
			buildConfigurationList = C085EF0C23CD29340026172A /* Build configuration list for PBXProject "SwiftUIRefresh" */;
			compatibilityVersion = "Xcode 9.3";
			developmentRegion = en;
			hasScannedForEncodings = 0;
			knownRegions = (
				en,
				Base,
			);
			mainGroup = C085EF0823CD29340026172A;
			packageReferences = (
				C085EF3923CD3FF30026172A /* XCRemoteSwiftPackageReference "SwiftUI-Introspect" */,
			);
			productRefGroup = C085EF1323CD29340026172A /* Products */;
			projectDirPath = "";
			projectRoot = "";
			targets = (
				C085EF1123CD29340026172A /* SwiftUIRefresh */,
				C085EF2223CD2A910026172A /* Examples */,
			);
		};
/* End PBXProject section */

/* Begin PBXResourcesBuildPhase section */
		C085EF1023CD29340026172A /* Resources */ = {
			isa = PBXResourcesBuildPhase;
			buildActionMask = 2147483647;
			files = (
			);
			runOnlyForDeploymentPostprocessing = 0;
		};
		C085EF2123CD2A910026172A /* Resources */ = {
			isa = PBXResourcesBuildPhase;
			buildActionMask = 2147483647;
			files = (
				C085EF3223CD2A940026172A /* LaunchScreen.storyboard in Resources */,
				C085EF2F23CD2A940026172A /* Preview Assets.xcassets in Resources */,
				C085EF2C23CD2A940026172A /* Assets.xcassets in Resources */,
			);
			runOnlyForDeploymentPostprocessing = 0;
		};
/* End PBXResourcesBuildPhase section */

/* Begin PBXSourcesBuildPhase section */
		C085EF0E23CD29340026172A /* Sources */ = {
			isa = PBXSourcesBuildPhase;
			buildActionMask = 2147483647;
			files = (
				C085EF1E23CD29C50026172A /* PullToRefresh.swift in Sources */,
			);
			runOnlyForDeploymentPostprocessing = 0;
		};
		C085EF1F23CD2A910026172A /* Sources */ = {
			isa = PBXSourcesBuildPhase;
			buildActionMask = 2147483647;
			files = (
				C085EF2623CD2A910026172A /* AppDelegate.swift in Sources */,
				C085EF2823CD2A910026172A /* SceneDelegate.swift in Sources */,
				C085EF2A23CD2A910026172A /* ContentView.swift in Sources */,
			);
			runOnlyForDeploymentPostprocessing = 0;
		};
/* End PBXSourcesBuildPhase section */

/* Begin PBXVariantGroup section */
		C085EF3023CD2A940026172A /* LaunchScreen.storyboard */ = {
			isa = PBXVariantGroup;
			children = (
				C085EF3123CD2A940026172A /* Base */,
			);
			name = LaunchScreen.storyboard;
			sourceTree = "<group>";
		};
/* End PBXVariantGroup section */

/* Begin XCBuildConfiguration section */
		C085EF1823CD29340026172A /* Debug */ = {
			isa = XCBuildConfiguration;
			buildSettings = {
				ALWAYS_SEARCH_USER_PATHS = NO;
				CLANG_ANALYZER_NONNULL = YES;
				CLANG_ANALYZER_NUMBER_OBJECT_CONVERSION = YES_AGGRESSIVE;
				CLANG_CXX_LANGUAGE_STANDARD = "gnu++14";
				CLANG_CXX_LIBRARY = "libc++";
				CLANG_ENABLE_MODULES = YES;
				CLANG_ENABLE_OBJC_ARC = YES;
				CLANG_ENABLE_OBJC_WEAK = YES;
				CLANG_WARN_BLOCK_CAPTURE_AUTORELEASING = YES;
				CLANG_WARN_BOOL_CONVERSION = YES;
				CLANG_WARN_COMMA = YES;
				CLANG_WARN_CONSTANT_CONVERSION = YES;
				CLANG_WARN_DEPRECATED_OBJC_IMPLEMENTATIONS = YES;
				CLANG_WARN_DIRECT_OBJC_ISA_USAGE = YES_ERROR;
				CLANG_WARN_DOCUMENTATION_COMMENTS = YES;
				CLANG_WARN_EMPTY_BODY = YES;
				CLANG_WARN_ENUM_CONVERSION = YES;
				CLANG_WARN_INFINITE_RECURSION = YES;
				CLANG_WARN_INT_CONVERSION = YES;
				CLANG_WARN_NON_LITERAL_NULL_CONVERSION = YES;
				CLANG_WARN_OBJC_IMPLICIT_RETAIN_SELF = YES;
				CLANG_WARN_OBJC_LITERAL_CONVERSION = YES;
				CLANG_WARN_OBJC_ROOT_CLASS = YES_ERROR;
				CLANG_WARN_RANGE_LOOP_ANALYSIS = YES;
				CLANG_WARN_STRICT_PROTOTYPES = YES;
				CLANG_WARN_SUSPICIOUS_MOVE = YES;
				CLANG_WARN_UNGUARDED_AVAILABILITY = YES_AGGRESSIVE;
				CLANG_WARN_UNREACHABLE_CODE = YES;
				CLANG_WARN__DUPLICATE_METHOD_MATCH = YES;
				COPY_PHASE_STRIP = NO;
				CURRENT_PROJECT_VERSION = 1;
				DEBUG_INFORMATION_FORMAT = dwarf;
				ENABLE_STRICT_OBJC_MSGSEND = YES;
				ENABLE_TESTABILITY = YES;
				GCC_C_LANGUAGE_STANDARD = gnu11;
				GCC_DYNAMIC_NO_PIC = NO;
				GCC_NO_COMMON_BLOCKS = YES;
				GCC_OPTIMIZATION_LEVEL = 0;
				GCC_PREPROCESSOR_DEFINITIONS = (
					"DEBUG=1",
					"$(inherited)",
				);
				GCC_WARN_64_TO_32_BIT_CONVERSION = YES;
				GCC_WARN_ABOUT_RETURN_TYPE = YES_ERROR;
				GCC_WARN_UNDECLARED_SELECTOR = YES;
				GCC_WARN_UNINITIALIZED_AUTOS = YES_AGGRESSIVE;
				GCC_WARN_UNUSED_FUNCTION = YES;
				GCC_WARN_UNUSED_VARIABLE = YES;
				IPHONEOS_DEPLOYMENT_TARGET = 13.2;
				MTL_ENABLE_DEBUG_INFO = INCLUDE_SOURCE;
				MTL_FAST_MATH = YES;
				ONLY_ACTIVE_ARCH = YES;
				SDKROOT = iphoneos;
				SWIFT_ACTIVE_COMPILATION_CONDITIONS = DEBUG;
				SWIFT_OPTIMIZATION_LEVEL = "-Onone";
				VERSIONING_SYSTEM = "apple-generic";
				VERSION_INFO_PREFIX = "";
			};
			name = Debug;
		};
		C085EF1923CD29340026172A /* Release */ = {
			isa = XCBuildConfiguration;
			buildSettings = {
				ALWAYS_SEARCH_USER_PATHS = NO;
				CLANG_ANALYZER_NONNULL = YES;
				CLANG_ANALYZER_NUMBER_OBJECT_CONVERSION = YES_AGGRESSIVE;
				CLANG_CXX_LANGUAGE_STANDARD = "gnu++14";
				CLANG_CXX_LIBRARY = "libc++";
				CLANG_ENABLE_MODULES = YES;
				CLANG_ENABLE_OBJC_ARC = YES;
				CLANG_ENABLE_OBJC_WEAK = YES;
				CLANG_WARN_BLOCK_CAPTURE_AUTORELEASING = YES;
				CLANG_WARN_BOOL_CONVERSION = YES;
				CLANG_WARN_COMMA = YES;
				CLANG_WARN_CONSTANT_CONVERSION = YES;
				CLANG_WARN_DEPRECATED_OBJC_IMPLEMENTATIONS = YES;
				CLANG_WARN_DIRECT_OBJC_ISA_USAGE = YES_ERROR;
				CLANG_WARN_DOCUMENTATION_COMMENTS = YES;
				CLANG_WARN_EMPTY_BODY = YES;
				CLANG_WARN_ENUM_CONVERSION = YES;
				CLANG_WARN_INFINITE_RECURSION = YES;
				CLANG_WARN_INT_CONVERSION = YES;
				CLANG_WARN_NON_LITERAL_NULL_CONVERSION = YES;
				CLANG_WARN_OBJC_IMPLICIT_RETAIN_SELF = YES;
				CLANG_WARN_OBJC_LITERAL_CONVERSION = YES;
				CLANG_WARN_OBJC_ROOT_CLASS = YES_ERROR;
				CLANG_WARN_RANGE_LOOP_ANALYSIS = YES;
				CLANG_WARN_STRICT_PROTOTYPES = YES;
				CLANG_WARN_SUSPICIOUS_MOVE = YES;
				CLANG_WARN_UNGUARDED_AVAILABILITY = YES_AGGRESSIVE;
				CLANG_WARN_UNREACHABLE_CODE = YES;
				CLANG_WARN__DUPLICATE_METHOD_MATCH = YES;
				COPY_PHASE_STRIP = NO;
				CURRENT_PROJECT_VERSION = 1;
				DEBUG_INFORMATION_FORMAT = "dwarf-with-dsym";
				ENABLE_NS_ASSERTIONS = NO;
				ENABLE_STRICT_OBJC_MSGSEND = YES;
				GCC_C_LANGUAGE_STANDARD = gnu11;
				GCC_NO_COMMON_BLOCKS = YES;
				GCC_WARN_64_TO_32_BIT_CONVERSION = YES;
				GCC_WARN_ABOUT_RETURN_TYPE = YES_ERROR;
				GCC_WARN_UNDECLARED_SELECTOR = YES;
				GCC_WARN_UNINITIALIZED_AUTOS = YES_AGGRESSIVE;
				GCC_WARN_UNUSED_FUNCTION = YES;
				GCC_WARN_UNUSED_VARIABLE = YES;
				IPHONEOS_DEPLOYMENT_TARGET = 13.2;
				MTL_ENABLE_DEBUG_INFO = NO;
				MTL_FAST_MATH = YES;
				SDKROOT = iphoneos;
				SWIFT_COMPILATION_MODE = wholemodule;
				SWIFT_OPTIMIZATION_LEVEL = "-O";
				VALIDATE_PRODUCT = YES;
				VERSIONING_SYSTEM = "apple-generic";
				VERSION_INFO_PREFIX = "";
			};
			name = Release;
		};
		C085EF1B23CD29340026172A /* Debug */ = {
			isa = XCBuildConfiguration;
			buildSettings = {
				CLANG_ENABLE_MODULES = YES;
				CODE_SIGN_STYLE = Automatic;
				DEFINES_MODULE = YES;
				DEVELOPMENT_TEAM = 5CYVM7UEHW;
				DYLIB_COMPATIBILITY_VERSION = 1;
				DYLIB_CURRENT_VERSION = 1;
				DYLIB_INSTALL_NAME_BASE = "@rpath";
				INFOPLIST_FILE = Sources/Info.plist;
				INSTALL_PATH = "$(LOCAL_LIBRARY_DIR)/Frameworks";
				LD_RUNPATH_SEARCH_PATHS = (
					"$(inherited)",
					"@executable_path/Frameworks",
					"@loader_path/Frameworks",
				);
				PRODUCT_BUNDLE_IDENTIFIER = com.siteline.SwiftUIRefresh;
				PRODUCT_NAME = "$(TARGET_NAME:c99extidentifier)";
				SKIP_INSTALL = YES;
				SWIFT_OPTIMIZATION_LEVEL = "-Onone";
				SWIFT_VERSION = 5.0;
				TARGETED_DEVICE_FAMILY = "1,2";
			};
			name = Debug;
		};
		C085EF1C23CD29340026172A /* Release */ = {
			isa = XCBuildConfiguration;
			buildSettings = {
				CLANG_ENABLE_MODULES = YES;
				CODE_SIGN_STYLE = Automatic;
				DEFINES_MODULE = YES;
				DEVELOPMENT_TEAM = 5CYVM7UEHW;
				DYLIB_COMPATIBILITY_VERSION = 1;
				DYLIB_CURRENT_VERSION = 1;
				DYLIB_INSTALL_NAME_BASE = "@rpath";
				INFOPLIST_FILE = Sources/Info.plist;
				INSTALL_PATH = "$(LOCAL_LIBRARY_DIR)/Frameworks";
				LD_RUNPATH_SEARCH_PATHS = (
					"$(inherited)",
					"@executable_path/Frameworks",
					"@loader_path/Frameworks",
				);
				PRODUCT_BUNDLE_IDENTIFIER = com.siteline.SwiftUIRefresh;
				PRODUCT_NAME = "$(TARGET_NAME:c99extidentifier)";
				SKIP_INSTALL = YES;
				SWIFT_VERSION = 5.0;
				TARGETED_DEVICE_FAMILY = "1,2";
			};
			name = Release;
		};
		C085EF3523CD2A940026172A /* Debug */ = {
			isa = XCBuildConfiguration;
			buildSettings = {
				ASSETCATALOG_COMPILER_APPICON_NAME = AppIcon;
				CODE_SIGN_STYLE = Automatic;
				DEVELOPMENT_ASSET_PATHS = "\"Examples/Preview Content\"";
				DEVELOPMENT_TEAM = 5CYVM7UEHW;
				ENABLE_PREVIEWS = YES;
				INFOPLIST_FILE = Examples/Info.plist;
				LD_RUNPATH_SEARCH_PATHS = (
					"$(inherited)",
					"@executable_path/Frameworks",
				);
				PRODUCT_BUNDLE_IDENTIFIER = com.siteline.Examples;
				PRODUCT_NAME = "$(TARGET_NAME)";
				SWIFT_VERSION = 5.0;
				TARGETED_DEVICE_FAMILY = "1,2";
			};
			name = Debug;
		};
		C085EF3623CD2A940026172A /* Release */ = {
			isa = XCBuildConfiguration;
			buildSettings = {
				ASSETCATALOG_COMPILER_APPICON_NAME = AppIcon;
				CODE_SIGN_STYLE = Automatic;
				DEVELOPMENT_ASSET_PATHS = "\"Examples/Preview Content\"";
				DEVELOPMENT_TEAM = 5CYVM7UEHW;
				ENABLE_PREVIEWS = YES;
				INFOPLIST_FILE = Examples/Info.plist;
				LD_RUNPATH_SEARCH_PATHS = (
					"$(inherited)",
					"@executable_path/Frameworks",
				);
				PRODUCT_BUNDLE_IDENTIFIER = com.siteline.Examples;
				PRODUCT_NAME = "$(TARGET_NAME)";
				SWIFT_VERSION = 5.0;
				TARGETED_DEVICE_FAMILY = "1,2";
			};
			name = Release;
		};
/* End XCBuildConfiguration section */

/* Begin XCConfigurationList section */
		C085EF0C23CD29340026172A /* Build configuration list for PBXProject "SwiftUIRefresh" */ = {
			isa = XCConfigurationList;
			buildConfigurations = (
				C085EF1823CD29340026172A /* Debug */,
				C085EF1923CD29340026172A /* Release */,
			);
			defaultConfigurationIsVisible = 0;
			defaultConfigurationName = Release;
		};
		C085EF1A23CD29340026172A /* Build configuration list for PBXNativeTarget "SwiftUIRefresh" */ = {
			isa = XCConfigurationList;
			buildConfigurations = (
				C085EF1B23CD29340026172A /* Debug */,
				C085EF1C23CD29340026172A /* Release */,
			);
			defaultConfigurationIsVisible = 0;
			defaultConfigurationName = Release;
		};
		C085EF3423CD2A940026172A /* Build configuration list for PBXNativeTarget "Examples" */ = {
			isa = XCConfigurationList;
			buildConfigurations = (
				C085EF3523CD2A940026172A /* Debug */,
				C085EF3623CD2A940026172A /* Release */,
			);
			defaultConfigurationIsVisible = 0;
			defaultConfigurationName = Release;
		};
/* End XCConfigurationList section */

/* Begin XCRemoteSwiftPackageReference section */
		C085EF3923CD3FF30026172A /* XCRemoteSwiftPackageReference "SwiftUI-Introspect" */ = {
			isa = XCRemoteSwiftPackageReference;
			repositoryURL = "git@github.com:siteline/SwiftUI-Introspect.git";
			requirement = {
				kind = upToNextMajorVersion;
				minimumVersion = 0.0.6;
			};
		};
/* End XCRemoteSwiftPackageReference section */

/* Begin XCSwiftPackageProductDependency section */
		C085EF3A23CD3FF30026172A /* Introspect */ = {
			isa = XCSwiftPackageProductDependency;
			package = C085EF3923CD3FF30026172A /* XCRemoteSwiftPackageReference "SwiftUI-Introspect" */;
			productName = Introspect;
		};
/* End XCSwiftPackageProductDependency section */
	};
	rootObject = C085EF0923CD29340026172A /* Project object */;
}
