{
  "object": {
    "pins": [
      {
        "package": "Introspect",
        "repositoryURL": "git@github.com:siteline/SwiftUI-Introspect.git",
        "state": {
          "branch": null,
          "revision": "732316ac5957675eac2ed8ef9c0a5b95a353f9ff",
          "version": "0.0.6"
        }
      }
    ]
  },
  "version": 1
}
